
Microsoft Visual Studio Solution File, Format Version 12.00
# Visual Studio Version 17
VisualStudioVersion = 17.12.35707.178
MinimumVisualStudioVersion = 10.0.40219.1
Project("{FAE04EC0-301F-11D3-BF4B-00C04F79EFBC}") = "Orders.Backend", "Orders.Backend\Orders.Backend.csproj", "{436A28AB-7955-4998-B486-B192C36D312C}"
EndProject
Project("{FAE04EC0-301F-11D3-BF4B-00C04F79EFBC}") = "Orders.Shared", "Orders.Shared\Orders.Shared.csproj", "{E36224E2-8F9D-4B89-B398-F148370D85C5}"
EndProject
Project("{FAE04EC0-301F-11D3-BF4B-00C04F79EFBC}") = "Orders.Frontend", "Orders.Frontend\Orders.Frontend.csproj", "{EAABC8A7-8880-4130-B0CE-EA252974DA84}"
EndProject
Global
	GlobalSection(SolutionConfigurationPlatforms) = preSolution
		Debug|Any CPU = Debug|Any CPU
		Release|Any CPU = Release|Any CPU
	EndGlobalSection
	GlobalSection(ProjectConfigurationPlatforms) = postSolution
		{436A28AB-7955-4998-B486-B192C36D312C}.Debug|Any CPU.ActiveCfg = Debug|Any CPU
		{436A28AB-7955-4998-B486-B192C36D312C}.Debug|Any CPU.Build.0 = Debug|Any CPU
		{436A28AB-7955-4998-B486-B192C36D312C}.Release|Any CPU.ActiveCfg = Release|Any CPU
		{436A28AB-7955-4998-B486-B192C36D312C}.Release|Any CPU.Build.0 = Release|Any CPU
		{E36224E2-8F9D-4B89-B398-F148370D85C5}.Debug|Any CPU.ActiveCfg = Debug|Any CPU
		{E36224E2-8F9D-4B89-B398-F148370D85C5}.Debug|Any CPU.Build.0 = Debug|Any CPU
		{E36224E2-8F9D-4B89-B398-F148370D85C5}.Release|Any CPU.ActiveCfg = Release|Any CPU
		{E36224E2-8F9D-4B89-B398-F148370D85C5}.Release|Any CPU.Build.0 = Release|Any CPU
		{EAABC8A7-8880-4130-B0CE-EA252974DA84}.Debug|Any CPU.ActiveCfg = Debug|Any CPU
		{EAABC8A7-8880-4130-B0CE-EA252974DA84}.Debug|Any CPU.Build.0 = Debug|Any CPU
		{EAABC8A7-8880-4130-B0CE-EA252974DA84}.Release|Any CPU.ActiveCfg = Release|Any CPU
		{EAABC8A7-8880-4130-B0CE-EA252974DA84}.Release|Any CPU.Build.0 = Release|Any CPU
	EndGlobalSection
	GlobalSection(SolutionProperties) = preSolution
		HideSolutionNode = FALSE
	EndGlobalSection
EndGlobal
