
Microsoft Visual Studio Solution File, Format Version 12.00
# Visual Studio Version 17
VisualStudioVersion = 17.12.35707.178 d17.12
MinimumVisualStudioVersion = 10.0.40219.1
Project("{FAE04EC0-301F-11D3-BF4B-00C04F79EFBC}") = "AGFactory.Backend", "AGFactory.Backend\AGFactory.Backend.csproj", "{6CA99B1C-9E2D-423C-BA3C-11E5BBF2AFA4}"
EndProject
Project("{FAE04EC0-301F-11D3-BF4B-00C04F79EFBC}") = "AGFactory.Shared", "AGFactory.Shared\AGFactory.Shared.csproj", "{344C2EDF-E823-42C9-AEC3-D5FA8293256E}"
EndProject
Global
	GlobalSection(SolutionConfigurationPlatforms) = preSolution
		Debug|Any CPU = Debug|Any CPU
		Release|Any CPU = Release|Any CPU
	EndGlobalSection
	GlobalSection(ProjectConfigurationPlatforms) = postSolution
		{6CA99B1C-9E2D-423C-BA3C-11E5BBF2AFA4}.Debug|Any CPU.ActiveCfg = Debug|Any CPU
		{6CA99B1C-9E2D-423C-BA3C-11E5BBF2AFA4}.Debug|Any CPU.Build.0 = Debug|Any CPU
		{6CA99B1C-9E2D-423C-BA3C-11E5BBF2AFA4}.Release|Any CPU.ActiveCfg = Release|Any CPU
		{6CA99B1C-9E2D-423C-BA3C-11E5BBF2AFA4}.Release|Any CPU.Build.0 = Release|Any CPU
		{344C2EDF-E823-42C9-AEC3-D5FA8293256E}.Debug|Any CPU.ActiveCfg = Debug|Any CPU
		{344C2EDF-E823-42C9-AEC3-D5FA8293256E}.Debug|Any CPU.Build.0 = Debug|Any CPU
		{344C2EDF-E823-42C9-AEC3-D5FA8293256E}.Release|Any CPU.ActiveCfg = Release|Any CPU
		{344C2EDF-E823-42C9-AEC3-D5FA8293256E}.Release|Any CPU.Build.0 = Release|Any CPU
	EndGlobalSection
	GlobalSection(SolutionProperties) = preSolution
		HideSolutionNode = FALSE
	EndGlobalSection
EndGlobal
